// !$*UTF8*$!
{
	archiveVersion = 1;
	classes = {
	};
	objectVersion = 54;
	objects = {

/* Begin PBXBuildFile section */
		7117046A273AFD1B0070BCE9 /* AppDelegate.swift in Sources */ = {isa = PBXBuildFile; fileRef = 71170469273AFD1B0070BCE9 /* AppDelegate.swift */; };
		7117046C273AFD1B0070BCE9 /* SceneDelegate.swift in Sources */ = {isa = PBXBuildFile; fileRef = 7117046B273AFD1B0070BCE9 /* SceneDelegate.swift */; };
		7117046E273AFD1B0070BCE9 /* LoginViewController.swift in Sources */ = {isa = PBXBuildFile; fileRef = 7117046D273AFD1B0070BCE9 /* LoginViewController.swift */; };
		71170471273AFD1B0070BCE9 /* Main.storyboard in Resources */ = {isa = PBXBuildFile; fileRef = 7117046F273AFD1B0070BCE9 /* Main.storyboard */; };
		71170473273AFD1F0070BCE9 /* Assets.xcassets in Resources */ = {isa = PBXBuildFile; fileRef = 71170472273AFD1F0070BCE9 /* Assets.xcassets */; };
		71170476273AFD1F0070BCE9 /* LaunchScreen.storyboard in Resources */ = {isa = PBXBuildFile; fileRef = 71170474273AFD1F0070BCE9 /* LaunchScreen.storyboard */; };
		7117047E273AFFB90070BCE9 /* MenuViewController.swift in Sources */ = {isa = PBXBuildFile; fileRef = 7117047D273AFFB90070BCE9 /* MenuViewController.swift */; };
		D15C348C274DC07E00EB81C6 /* SimulatorDisplayMode.swift in Sources */ = {isa = PBXBuildFile; fileRef = D15C348B274DC07E00EB81C6 /* SimulatorDisplayMode.swift */; };
		D1621656274ED2F9009B6F0B /* SpotifyAuthentication.swift in Sources */ = {isa = PBXBuildFile; fileRef = D1621655274ED2F9009B6F0B /* SpotifyAuthentication.swift */; };
		D1CD4B5D274C33E000EC5E7D /* SpotifyiOS in Frameworks */ = {isa = PBXBuildFile; fileRef = D1CD4B56274C32B500EC5E7D /* SpotifyiOS */; };
		D5DBB4A52746B15F005B4C53 /* Algorithm.swift in Sources */ = {isa = PBXBuildFile; fileRef = D5DBB4A42746B15F005B4C53 /* Algorithm.swift */; };
/* End PBXBuildFile section */

/* Begin PBXFileReference section */
		71170466273AFD1B0070BCE9 /* Playlistify.app */ = {isa = PBXFileReference; explicitFileType = wrapper.application; includeInIndex = 0; path = Playlistify.app; sourceTree = BUILT_PRODUCTS_DIR; };
		71170469273AFD1B0070BCE9 /* AppDelegate.swift */ = {isa = PBXFileReference; lastKnownFileType = sourcecode.swift; path = AppDelegate.swift; sourceTree = "<group>"; };
		7117046B273AFD1B0070BCE9 /* SceneDelegate.swift */ = {isa = PBXFileReference; lastKnownFileType = sourcecode.swift; path = SceneDelegate.swift; sourceTree = "<group>"; };
		7117046D273AFD1B0070BCE9 /* LoginViewController.swift */ = {isa = PBXFileReference; lastKnownFileType = sourcecode.swift; path = LoginViewController.swift; sourceTree = "<group>"; };
		71170470273AFD1B0070BCE9 /* Base */ = {isa = PBXFileReference; lastKnownFileType = file.storyboard; name = Base; path = Base.lproj/Main.storyboard; sourceTree = "<group>"; };
		71170472273AFD1F0070BCE9 /* Assets.xcassets */ = {isa = PBXFileReference; lastKnownFileType = folder.assetcatalog; path = Assets.xcassets; sourceTree = "<group>"; };
		71170475273AFD1F0070BCE9 /* Base */ = {isa = PBXFileReference; lastKnownFileType = file.storyboard; name = Base; path = Base.lproj/LaunchScreen.storyboard; sourceTree = "<group>"; };
		71170477273AFD1F0070BCE9 /* Info.plist */ = {isa = PBXFileReference; lastKnownFileType = text.plist.xml; path = Info.plist; sourceTree = "<group>"; };
		7117047D273AFFB90070BCE9 /* MenuViewController.swift */ = {isa = PBXFileReference; lastKnownFileType = sourcecode.swift; path = MenuViewController.swift; sourceTree = "<group>"; };
		D15C348B274DC07E00EB81C6 /* SimulatorDisplayMode.swift */ = {isa = PBXFileReference; lastKnownFileType = sourcecode.swift; path = SimulatorDisplayMode.swift; sourceTree = "<group>"; };
		D1621655274ED2F9009B6F0B /* SpotifyAuthentication.swift */ = {isa = PBXFileReference; lastKnownFileType = sourcecode.swift; path = SpotifyAuthentication.swift; sourceTree = "<group>"; };
		D1CD4B4A274BFE0F00EC5E7D /* ios-sdk-1.2.2 */ = {isa = PBXFileReference; lastKnownFileType = folder; name = "ios-sdk-1.2.2"; path = "../../../Downloads/ios-sdk-1.2.2"; sourceTree = "<group>"; };
		D1CD4B4B274BFE2500EC5E7D /* SpotifyiOS.framework */ = {isa = PBXFileReference; lastKnownFileType = wrapper.framework; name = SpotifyiOS.framework; path = "../../../Downloads/ios-sdk-1.2.2/SpotifyiOS.framework"; sourceTree = "<group>"; };
		D1CD4B4F274BFFE400EC5E7D /* App Development */ = {isa = PBXFileReference; lastKnownFileType = folder; name = "App Development"; path = ..; sourceTree = "<group>"; };
		D1CD4B51274BFFFB00EC5E7D /* SpotifyiOS.framework */ = {isa = PBXFileReference; lastKnownFileType = wrapper.framework; name = SpotifyiOS.framework; path = Playlistify/SpotifyiOS.framework; sourceTree = "<group>"; };
		D1CD4B53274C156500EC5E7D /* Spotify-Bridging-Header.h */ = {isa = PBXFileReference; lastKnownFileType = sourcecode.c.h; path = "Spotify-Bridging-Header.h"; sourceTree = "<group>"; };
		D1CD4B56274C32B500EC5E7D /* SpotifyiOS */ = {isa = PBXFileReference; lastKnownFileType = archive.ar; name = SpotifyiOS; path = Playlistify/SpotifyiOS.framework/Versions/A/SpotifyiOS; sourceTree = "<group>"; };
		D5DBB4A42746B15F005B4C53 /* Algorithm.swift */ = {isa = PBXFileReference; lastKnownFileType = sourcecode.swift; path = Algorithm.swift; sourceTree = "<group>"; };
/* End PBXFileReference section */

/* Begin PBXFrameworksBuildPhase section */
		71170463273AFD1B0070BCE9 /* Frameworks */ = {
			isa = PBXFrameworksBuildPhase;
			buildActionMask = 2147483647;
			files = (
				D1CD4B5D274C33E000EC5E7D /* SpotifyiOS in Frameworks */,
			);
			runOnlyForDeploymentPostprocessing = 0;
		};
/* End PBXFrameworksBuildPhase section */

/* Begin PBXGroup section */
		7117045D273AFD1B0070BCE9 = {
			isa = PBXGroup;
			children = (
				71170468273AFD1B0070BCE9 /* Playlistify */,
				71170467273AFD1B0070BCE9 /* Products */,
				D1CD4B49274BFE0F00EC5E7D /* Frameworks */,
			);
			sourceTree = "<group>";
		};
		71170467273AFD1B0070BCE9 /* Products */ = {
			isa = PBXGroup;
			children = (
				71170466273AFD1B0070BCE9 /* Playlistify.app */,
			);
			name = Products;
			sourceTree = "<group>";
		};
		71170468273AFD1B0070BCE9 /* Playlistify */ = {
			isa = PBXGroup;
			children = (
				71170469273AFD1B0070BCE9 /* AppDelegate.swift */,
				7117046B273AFD1B0070BCE9 /* SceneDelegate.swift */,
				7117046D273AFD1B0070BCE9 /* LoginViewController.swift */,
				7117047D273AFFB90070BCE9 /* MenuViewController.swift */,
				D15C348B274DC07E00EB81C6 /* SimulatorDisplayMode.swift */,
				D1621655274ED2F9009B6F0B /* SpotifyAuthentication.swift */,
				7117046F273AFD1B0070BCE9 /* Main.storyboard */,
				71170472273AFD1F0070BCE9 /* Assets.xcassets */,
				71170474273AFD1F0070BCE9 /* LaunchScreen.storyboard */,
				71170477273AFD1F0070BCE9 /* Info.plist */,
				D5DBB4A42746B15F005B4C53 /* Algorithm.swift */,
				D1CD4B53274C156500EC5E7D /* Spotify-Bridging-Header.h */,
			);
			path = Playlistify;
			sourceTree = "<group>";
		};
		D1CD4B49274BFE0F00EC5E7D /* Frameworks */ = {
			isa = PBXGroup;
			children = (
				D1CD4B56274C32B500EC5E7D /* SpotifyiOS */,
				D1CD4B51274BFFFB00EC5E7D /* SpotifyiOS.framework */,
				D1CD4B4F274BFFE400EC5E7D /* App Development */,
				D1CD4B4B274BFE2500EC5E7D /* SpotifyiOS.framework */,
				D1CD4B4A274BFE0F00EC5E7D /* ios-sdk-1.2.2 */,
			);
			name = Frameworks;
			sourceTree = "<group>";
		};
/* End PBXGroup section */

/* Begin PBXNativeTarget section */
		71170465273AFD1B0070BCE9 /* Playlistify */ = {
			isa = PBXNativeTarget;
			buildConfigurationList = 7117047A273AFD1F0070BCE9 /* Build configuration list for PBXNativeTarget "Playlistify" */;
			buildPhases = (
				71170462273AFD1B0070BCE9 /* Sources */,
				71170463273AFD1B0070BCE9 /* Frameworks */,
				71170464273AFD1B0070BCE9 /* Resources */,
			);
			buildRules = (
			);
			dependencies = (
			);
			name = Playlistify;
			productName = bingbong;
			productReference = 71170466273AFD1B0070BCE9 /* Playlistify.app */;
			productType = "com.apple.product-type.application";
		};
/* End PBXNativeTarget section */

/* Begin PBXProject section */
		7117045E273AFD1B0070BCE9 /* Project object */ = {
			isa = PBXProject;
			attributes = {
				BuildIndependentTargetsInParallel = 1;
				LastSwiftUpdateCheck = 1300;
				LastUpgradeCheck = 1300;
				TargetAttributes = {
					71170465273AFD1B0070BCE9 = {
						CreatedOnToolsVersion = 13.0;
					};
				};
			};
			buildConfigurationList = 71170461273AFD1B0070BCE9 /* Build configuration list for PBXProject "Playlistify" */;
			compatibilityVersion = "Xcode 12.0";
			developmentRegion = en;
			hasScannedForEncodings = 0;
			knownRegions = (
				en,
				Base,
			);
			mainGroup = 7117045D273AFD1B0070BCE9;
			productRefGroup = 71170467273AFD1B0070BCE9 /* Products */;
			projectDirPath = "";
			projectRoot = "";
			targets = (
				71170465273AFD1B0070BCE9 /* Playlistify */,
			);
		};
/* End PBXProject section */

/* Begin PBXResourcesBuildPhase section */
		71170464273AFD1B0070BCE9 /* Resources */ = {
			isa = PBXResourcesBuildPhase;
			buildActionMask = 2147483647;
			files = (
				71170476273AFD1F0070BCE9 /* LaunchScreen.storyboard in Resources */,
				71170473273AFD1F0070BCE9 /* Assets.xcassets in Resources */,
				71170471273AFD1B0070BCE9 /* Main.storyboard in Resources */,
			);
			runOnlyForDeploymentPostprocessing = 0;
		};
/* End PBXResourcesBuildPhase section */

/* Begin PBXSourcesBuildPhase section */
		71170462273AFD1B0070BCE9 /* Sources */ = {
			isa = PBXSourcesBuildPhase;
			buildActionMask = 2147483647;
			files = (
				7117047E273AFFB90070BCE9 /* MenuViewController.swift in Sources */,
				7117046E273AFD1B0070BCE9 /* LoginViewController.swift in Sources */,
				D1621656274ED2F9009B6F0B /* SpotifyAuthentication.swift in Sources */,
				7117046A273AFD1B0070BCE9 /* AppDelegate.swift in Sources */,
				7117046C273AFD1B0070BCE9 /* SceneDelegate.swift in Sources */,
				D15C348C274DC07E00EB81C6 /* SimulatorDisplayMode.swift in Sources */,
				D5DBB4A52746B15F005B4C53 /* Algorithm.swift in Sources */,
			);
			runOnlyForDeploymentPostprocessing = 0;
		};
/* End PBXSourcesBuildPhase section */

/* Begin PBXVariantGroup section */
		7117046F273AFD1B0070BCE9 /* Main.storyboard */ = {
			isa = PBXVariantGroup;
			children = (
				71170470273AFD1B0070BCE9 /* Base */,
			);
			name = Main.storyboard;
			sourceTree = "<group>";
		};
		71170474273AFD1F0070BCE9 /* LaunchScreen.storyboard */ = {
			isa = PBXVariantGroup;
			children = (
				71170475273AFD1F0070BCE9 /* Base */,
			);
			name = LaunchScreen.storyboard;
			sourceTree = "<group>";
		};
/* End PBXVariantGroup section */

/* Begin XCBuildConfiguration section */
		71170478273AFD1F0070BCE9 /* Debug */ = {
			isa = XCBuildConfiguration;
			buildSettings = {
				ALWAYS_SEARCH_USER_PATHS = NO;
				CLANG_ANALYZER_NONNULL = YES;
				CLANG_ANALYZER_NUMBER_OBJECT_CONVERSION = YES_AGGRESSIVE;
				CLANG_CXX_LANGUAGE_STANDARD = "gnu++17";
				CLANG_CXX_LIBRARY = "libc++";
				CLANG_ENABLE_MODULES = YES;
				CLANG_ENABLE_OBJC_ARC = YES;
				CLANG_ENABLE_OBJC_WEAK = YES;
				CLANG_WARN_BLOCK_CAPTURE_AUTORELEASING = YES;
				CLANG_WARN_BOOL_CONVERSION = YES;
				CLANG_WARN_COMMA = YES;
				CLANG_WARN_CONSTANT_CONVERSION = YES;
				CLANG_WARN_DEPRECATED_OBJC_IMPLEMENTATIONS = YES;
				CLANG_WARN_DIRECT_OBJC_ISA_USAGE = YES_ERROR;
				CLANG_WARN_DOCUMENTATION_COMMENTS = YES;
				CLANG_WARN_EMPTY_BODY = YES;
				CLANG_WARN_ENUM_CONVERSION = YES;
				CLANG_WARN_INFINITE_RECURSION = YES;
				CLANG_WARN_INT_CONVERSION = YES;
				CLANG_WARN_NON_LITERAL_NULL_CONVERSION = YES;
				CLANG_WARN_OBJC_IMPLICIT_RETAIN_SELF = YES;
				CLANG_WARN_OBJC_LITERAL_CONVERSION = YES;
				CLANG_WARN_OBJC_ROOT_CLASS = YES_ERROR;
				CLANG_WARN_QUOTED_INCLUDE_IN_FRAMEWORK_HEADER = YES;
				CLANG_WARN_RANGE_LOOP_ANALYSIS = YES;
				CLANG_WARN_STRICT_PROTOTYPES = YES;
				CLANG_WARN_SUSPICIOUS_MOVE = YES;
				CLANG_WARN_UNGUARDED_AVAILABILITY = YES_AGGRESSIVE;
				CLANG_WARN_UNREACHABLE_CODE = YES;
				CLANG_WARN__DUPLICATE_METHOD_MATCH = YES;
				COPY_PHASE_STRIP = NO;
				DEBUG_INFORMATION_FORMAT = dwarf;
				ENABLE_STRICT_OBJC_MSGSEND = YES;
				ENABLE_TESTABILITY = YES;
				GCC_C_LANGUAGE_STANDARD = gnu11;
				GCC_DYNAMIC_NO_PIC = NO;
				GCC_NO_COMMON_BLOCKS = YES;
				GCC_OPTIMIZATION_LEVEL = 0;
				GCC_PREPROCESSOR_DEFINITIONS = (
					"DEBUG=1",
					"$(inherited)",
				);
				GCC_WARN_64_TO_32_BIT_CONVERSION = YES;
				GCC_WARN_ABOUT_RETURN_TYPE = YES_ERROR;
				GCC_WARN_UNDECLARED_SELECTOR = YES;
				GCC_WARN_UNINITIALIZED_AUTOS = YES_AGGRESSIVE;
				GCC_WARN_UNUSED_FUNCTION = YES;
				GCC_WARN_UNUSED_VARIABLE = YES;
				IPHONEOS_DEPLOYMENT_TARGET = 15.0;
				MTL_ENABLE_DEBUG_INFO = INCLUDE_SOURCE;
				MTL_FAST_MATH = YES;
				ONLY_ACTIVE_ARCH = YES;
				SDKROOT = iphoneos;
				SWIFT_ACTIVE_COMPILATION_CONDITIONS = DEBUG;
				SWIFT_OPTIMIZATION_LEVEL = "-Onone";
			};
			name = Debug;
		};
		71170479273AFD1F0070BCE9 /* Release */ = {
			isa = XCBuildConfiguration;
			buildSettings = {
				ALWAYS_SEARCH_USER_PATHS = NO;
				CLANG_ANALYZER_NONNULL = YES;
				CLANG_ANALYZER_NUMBER_OBJECT_CONVERSION = YES_AGGRESSIVE;
				CLANG_CXX_LANGUAGE_STANDARD = "gnu++17";
				CLANG_CXX_LIBRARY = "libc++";
				CLANG_ENABLE_MODULES = YES;
				CLANG_ENABLE_OBJC_ARC = YES;
				CLANG_ENABLE_OBJC_WEAK = YES;
				CLANG_WARN_BLOCK_CAPTURE_AUTORELEASING = YES;
				CLANG_WARN_BOOL_CONVERSION = YES;
				CLANG_WARN_COMMA = YES;
				CLANG_WARN_CONSTANT_CONVERSION = YES;
				CLANG_WARN_DEPRECATED_OBJC_IMPLEMENTATIONS = YES;
				CLANG_WARN_DIRECT_OBJC_ISA_USAGE = YES_ERROR;
				CLANG_WARN_DOCUMENTATION_COMMENTS = YES;
				CLANG_WARN_EMPTY_BODY = YES;
				CLANG_WARN_ENUM_CONVERSION = YES;
				CLANG_WARN_INFINITE_RECURSION = YES;
				CLANG_WARN_INT_CONVERSION = YES;
				CLANG_WARN_NON_LITERAL_NULL_CONVERSION = YES;
				CLANG_WARN_OBJC_IMPLICIT_RETAIN_SELF = YES;
				CLANG_WARN_OBJC_LITERAL_CONVERSION = YES;
				CLANG_WARN_OBJC_ROOT_CLASS = YES_ERROR;
				CLANG_WARN_QUOTED_INCLUDE_IN_FRAMEWORK_HEADER = YES;
				CLANG_WARN_RANGE_LOOP_ANALYSIS = YES;
				CLANG_WARN_STRICT_PROTOTYPES = YES;
				CLANG_WARN_SUSPICIOUS_MOVE = YES;
				CLANG_WARN_UNGUARDED_AVAILABILITY = YES_AGGRESSIVE;
				CLANG_WARN_UNREACHABLE_CODE = YES;
				CLANG_WARN__DUPLICATE_METHOD_MATCH = YES;
				COPY_PHASE_STRIP = NO;
				DEBUG_INFORMATION_FORMAT = "dwarf-with-dsym";
				ENABLE_NS_ASSERTIONS = NO;
				ENABLE_STRICT_OBJC_MSGSEND = YES;
				GCC_C_LANGUAGE_STANDARD = gnu11;
				GCC_NO_COMMON_BLOCKS = YES;
				GCC_WARN_64_TO_32_BIT_CONVERSION = YES;
				GCC_WARN_ABOUT_RETURN_TYPE = YES_ERROR;
				GCC_WARN_UNDECLARED_SELECTOR = YES;
				GCC_WARN_UNINITIALIZED_AUTOS = YES_AGGRESSIVE;
				GCC_WARN_UNUSED_FUNCTION = YES;
				GCC_WARN_UNUSED_VARIABLE = YES;
				IPHONEOS_DEPLOYMENT_TARGET = 15.0;
				MTL_ENABLE_DEBUG_INFO = NO;
				MTL_FAST_MATH = YES;
				SDKROOT = iphoneos;
				SWIFT_COMPILATION_MODE = wholemodule;
				SWIFT_OPTIMIZATION_LEVEL = "-O";
				VALIDATE_PRODUCT = YES;
			};
			name = Release;
		};
		7117047B273AFD1F0070BCE9 /* Debug */ = {
			isa = XCBuildConfiguration;
			buildSettings = {
				ASSETCATALOG_COMPILER_APPICON_NAME = AppIcon;
				ASSETCATALOG_COMPILER_GLOBAL_ACCENT_COLOR_NAME = AccentColor;
				CODE_SIGN_STYLE = Automatic;
				CURRENT_PROJECT_VERSION = 1;
				DEVELOPMENT_TEAM = C7X9RKK64W;
				FRAMEWORK_SEARCH_PATHS = (
					"$(inherited)",
					"$(PROJECT_DIR)/Playlistify",
				);
				GENERATE_INFOPLIST_FILE = YES;
				INFOPLIST_FILE = Playlistify/Info.plist;
				INFOPLIST_KEY_UIApplicationSupportsIndirectInputEvents = YES;
				INFOPLIST_KEY_UILaunchStoryboardName = LaunchScreen;
				INFOPLIST_KEY_UIMainStoryboardFile = Main;
				INFOPLIST_KEY_UISupportedInterfaceOrientations_iPad = "UIInterfaceOrientationPortrait UIInterfaceOrientationPortraitUpsideDown UIInterfaceOrientationLandscapeLeft UIInterfaceOrientationLandscapeRight";
				INFOPLIST_KEY_UISupportedInterfaceOrientations_iPhone = "UIInterfaceOrientationPortrait UIInterfaceOrientationLandscapeLeft UIInterfaceOrientationLandscapeRight";
				LD_RUNPATH_SEARCH_PATHS = (
					"$(inherited)",
					"@executable_path/Frameworks",
				);
				LIBRARY_SEARCH_PATHS = (
					"$(inherited)",
					"$(PROJECT_DIR)/Playlistify/SpotifyiOS.framework/Versions/A",
				);
				MARKETING_VERSION = 1.0;
				OTHER_LDFLAGS = "-ObjC";
				PRODUCT_BUNDLE_IDENTIFIER = com.HibbelerIndustries.Playlistify;
				PRODUCT_NAME = "$(TARGET_NAME)";
				SWIFT_EMIT_LOC_STRINGS = YES;
				SWIFT_OBJC_BRIDGING_HEADER = "Playlistify/Spotify-Bridging-Header.h";
				SWIFT_VERSION = 5.0;
				TARGETED_DEVICE_FAMILY = "1,2";
			};
			name = Debug;
		};
		7117047C273AFD1F0070BCE9 /* Release */ = {
			isa = XCBuildConfiguration;
			buildSettings = {
				ASSETCATALOG_COMPILER_APPICON_NAME = AppIcon;
				ASSETCATALOG_COMPILER_GLOBAL_ACCENT_COLOR_NAME = AccentColor;
				CODE_SIGN_STYLE = Automatic;
				CURRENT_PROJECT_VERSION = 1;
				DEVELOPMENT_TEAM = C7X9RKK64W;
				FRAMEWORK_SEARCH_PATHS = (
					"$(inherited)",
					"$(PROJECT_DIR)/Playlistify",
				);
				GENERATE_INFOPLIST_FILE = YES;
				INFOPLIST_FILE = Playlistify/Info.plist;
				INFOPLIST_KEY_UIApplicationSupportsIndirectInputEvents = YES;
				INFOPLIST_KEY_UILaunchStoryboardName = LaunchScreen;
				INFOPLIST_KEY_UIMainStoryboardFile = Main;
				INFOPLIST_KEY_UISupportedInterfaceOrientations_iPad = "UIInterfaceOrientationPortrait UIInterfaceOrientationPortraitUpsideDown UIInterfaceOrientationLandscapeLeft UIInterfaceOrientationLandscapeRight";
				INFOPLIST_KEY_UISupportedInterfaceOrientations_iPhone = "UIInterfaceOrientationPortrait UIInterfaceOrientationLandscapeLeft UIInterfaceOrientationLandscapeRight";
				LD_RUNPATH_SEARCH_PATHS = (
					"$(inherited)",
					"@executable_path/Frameworks",
				);
				LIBRARY_SEARCH_PATHS = (
					"$(inherited)",
					"$(PROJECT_DIR)/Playlistify/SpotifyiOS.framework/Versions/A",
				);
				MARKETING_VERSION = 1.0;
				OTHER_LDFLAGS = "-ObjC";
				PRODUCT_BUNDLE_IDENTIFIER = com.HibbelerIndustries.Playlistify;
				PRODUCT_NAME = "$(TARGET_NAME)";
				SWIFT_EMIT_LOC_STRINGS = YES;
				SWIFT_OBJC_BRIDGING_HEADER = "Playlistify/Spotify-Bridging-Header.h";
				SWIFT_VERSION = 5.0;
				TARGETED_DEVICE_FAMILY = "1,2";
			};
			name = Release;
		};
/* End XCBuildConfiguration section */

/* Begin XCConfigurationList section */
		71170461273AFD1B0070BCE9 /* Build configuration list for PBXProject "Playlistify" */ = {
			isa = XCConfigurationList;
			buildConfigurations = (
				71170478273AFD1F0070BCE9 /* Debug */,
				71170479273AFD1F0070BCE9 /* Release */,
			);
			defaultConfigurationIsVisible = 0;
			defaultConfigurationName = Release;
		};
		7117047A273AFD1F0070BCE9 /* Build configuration list for PBXNativeTarget "Playlistify" */ = {
			isa = XCConfigurationList;
			buildConfigurations = (
				7117047B273AFD1F0070BCE9 /* Debug */,
				7117047C273AFD1F0070BCE9 /* Release */,
			);
			defaultConfigurationIsVisible = 0;
			defaultConfigurationName = Release;
		};
/* End XCConfigurationList section */
	};
	rootObject = 7117045E273AFD1B0070BCE9 /* Project object */;
}
